
Microsoft Visual Studio Solution File, Format Version 12.00
# Visual Studio Version 17
VisualStudioVersion = 17.2.32602.215
MinimumVisualStudioVersion = 10.0.40219.1
Project("{9A19103F-16F7-4668-BE54-9A1E7A4F7556}") = "Horizon.AppointmentKeeper", "Horizon.AppointmentKeeper\Horizon.AppointmentKeeper.csproj", "{857F4F53-6A4F-4E84-BE4D-CE9FF6005831}"
EndProject
Project("{2150E333-8FDC-42A3-9474-1A3956D46DE8}") = "Solution Items", "Solution Items", "{EED53A0D-624A-4FDD-9DC3-04BC270282AC}"
	ProjectSection(SolutionItems) = preProject
		CHANGELOG.md = CHANGELOG.md
		gpl-3.0.txt = gpl-3.0.txt
		README.md = README.md
	EndProjectSection
EndProject
Global
	GlobalSection(SolutionConfigurationPlatforms) = preSolution
		Debug|Any CPU = Debug|Any CPU
		Release|Any CPU = Release|Any CPU
	EndGlobalSection
	GlobalSection(ProjectConfigurationPlatforms) = postSolution
		{857F4F53-6A4F-4E84-BE4D-CE9FF6005831}.Debug|Any CPU.ActiveCfg = Debug|Any CPU
		{857F4F53-6A4F-4E84-BE4D-CE9FF6005831}.Debug|Any CPU.Build.0 = Debug|Any CPU
		{857F4F53-6A4F-4E84-BE4D-CE9FF6005831}.Release|Any CPU.ActiveCfg = Release|Any CPU
		{857F4F53-6A4F-4E84-BE4D-CE9FF6005831}.Release|Any CPU.Build.0 = Release|Any CPU
	EndGlobalSection
	GlobalSection(SolutionProperties) = preSolution
		HideSolutionNode = FALSE
	EndGlobalSection
	GlobalSection(ExtensibilityGlobals) = postSolution
		SolutionGuid = {967BAA2F-E84B-4C48-83D6-A3B03DB0F110}
	EndGlobalSection
EndGlobal
